
Microsoft Visual Studio Solution File, Format Version 12.00
# Visual Studio Version 17
VisualStudioVersion = 17.5.002.0
MinimumVisualStudioVersion = 10.0.40219.1
Project("{2150E333-8FDC-42A3-9474-1A3956D46DE8}") = "csharp-prep", "csharp-prep", "{709891E6-430F-4AAA-873C-08A09953C323}"
EndProject
Project("{9A19103F-16F7-4668-BE54-9A1E7A4F7556}") = "Prep1", "csharp-prep\Prep1\Prep1.csproj", "{FD4EBB84-B0CD-4DD6-B4BB-A3EC64F85A6A}"
EndProject
Project("{9A19103F-16F7-4668-BE54-9A1E7A4F7556}") = "Prep2", "csharp-prep\Prep2\Prep2.csproj", "{D4159542-124E-400E-8076-0EC072A02CD2}"
EndProject
Project("{9A19103F-16F7-4668-BE54-9A1E7A4F7556}") = "Prep3", "csharp-prep\Prep3\Prep3.csproj", "{48057CDA-50B1-4163-8CFE-453C813B9372}"
EndProject
Project("{9A19103F-16F7-4668-BE54-9A1E7A4F7556}") = "Prep4", "csharp-prep\Prep4\Prep4.csproj", "{96E57E4C-00F2-40AD-948B-C3DD8AB8DAD5}"
EndProject
Project("{9A19103F-16F7-4668-BE54-9A1E7A4F7556}") = "Prep5", "csharp-prep\Prep5\Prep5.csproj", "{094A9C7D-42DB-41D4-862E-9498DE93B145}"
EndProject
Project("{2150E333-8FDC-42A3-9474-1A3956D46DE8}") = "prepare", "prepare", "{307E3A60-3D12-4327-92EC-C8D21EE52C05}"
EndProject
Project("{9A19103F-16F7-4668-BE54-9A1E7A4F7556}") = "Learning02", "prepare\Learning02\Learning02.csproj", "{312B4908-3C13-4204-A329-5AD58936C9A6}"
EndProject
Project("{9A19103F-16F7-4668-BE54-9A1E7A4F7556}") = "Learning03", "prepare\Learning03\Learning03.csproj", "{7EE5B65F-C373-4BCE-AC46-4098D937878A}"
EndProject
Project("{9A19103F-16F7-4668-BE54-9A1E7A4F7556}") = "Learning04", "prepare\Learning04\Learning04.csproj", "{EF447BE8-ABA3-477C-82EB-73AC6E922053}"
EndProject
Project("{9A19103F-16F7-4668-BE54-9A1E7A4F7556}") = "Learning05", "prepare\Learning05\Learning05.csproj", "{95BE741B-AA3B-40F3-B083-DAAE83AC38BE}"
EndProject
Project("{9A19103F-16F7-4668-BE54-9A1E7A4F7556}") = "Learning06", "prepare\Learning06\Learning06.csproj", "{FE30EBE3-7DEE-4C26-A1F5-398F34658A28}"
EndProject
Global
	GlobalSection(SolutionConfigurationPlatforms) = preSolution
		Debug|Any CPU = Debug|Any CPU
		Release|Any CPU = Release|Any CPU
	EndGlobalSection
	GlobalSection(ProjectConfigurationPlatforms) = postSolution
		{FD4EBB84-B0CD-4DD6-B4BB-A3EC64F85A6A}.Debug|Any CPU.ActiveCfg = Debug|Any CPU
		{FD4EBB84-B0CD-4DD6-B4BB-A3EC64F85A6A}.Debug|Any CPU.Build.0 = Debug|Any CPU
		{FD4EBB84-B0CD-4DD6-B4BB-A3EC64F85A6A}.Release|Any CPU.ActiveCfg = Release|Any CPU
		{FD4EBB84-B0CD-4DD6-B4BB-A3EC64F85A6A}.Release|Any CPU.Build.0 = Release|Any CPU
		{D4159542-124E-400E-8076-0EC072A02CD2}.Debug|Any CPU.ActiveCfg = Debug|Any CPU
		{D4159542-124E-400E-8076-0EC072A02CD2}.Debug|Any CPU.Build.0 = Debug|Any CPU
		{D4159542-124E-400E-8076-0EC072A02CD2}.Release|Any CPU.ActiveCfg = Release|Any CPU
		{D4159542-124E-400E-8076-0EC072A02CD2}.Release|Any CPU.Build.0 = Release|Any CPU
		{48057CDA-50B1-4163-8CFE-453C813B9372}.Debug|Any CPU.ActiveCfg = Debug|Any CPU
		{48057CDA-50B1-4163-8CFE-453C813B9372}.Debug|Any CPU.Build.0 = Debug|Any CPU
		{48057CDA-50B1-4163-8CFE-453C813B9372}.Release|Any CPU.ActiveCfg = Release|Any CPU
		{48057CDA-50B1-4163-8CFE-453C813B9372}.Release|Any CPU.Build.0 = Release|Any CPU
		{96E57E4C-00F2-40AD-948B-C3DD8AB8DAD5}.Debug|Any CPU.ActiveCfg = Debug|Any CPU
		{96E57E4C-00F2-40AD-948B-C3DD8AB8DAD5}.Debug|Any CPU.Build.0 = Debug|Any CPU
		{96E57E4C-00F2-40AD-948B-C3DD8AB8DAD5}.Release|Any CPU.ActiveCfg = Release|Any CPU
		{96E57E4C-00F2-40AD-948B-C3DD8AB8DAD5}.Release|Any CPU.Build.0 = Release|Any CPU
		{094A9C7D-42DB-41D4-862E-9498DE93B145}.Debug|Any CPU.ActiveCfg = Debug|Any CPU
		{094A9C7D-42DB-41D4-862E-9498DE93B145}.Debug|Any CPU.Build.0 = Debug|Any CPU
		{094A9C7D-42DB-41D4-862E-9498DE93B145}.Release|Any CPU.ActiveCfg = Release|Any CPU
		{094A9C7D-42DB-41D4-862E-9498DE93B145}.Release|Any CPU.Build.0 = Release|Any CPU
		{312B4908-3C13-4204-A329-5AD58936C9A6}.Debug|Any CPU.ActiveCfg = Debug|Any CPU
		{312B4908-3C13-4204-A329-5AD58936C9A6}.Debug|Any CPU.Build.0 = Debug|Any CPU
		{312B4908-3C13-4204-A329-5AD58936C9A6}.Release|Any CPU.ActiveCfg = Release|Any CPU
		{312B4908-3C13-4204-A329-5AD58936C9A6}.Release|Any CPU.Build.0 = Release|Any CPU
		{7EE5B65F-C373-4BCE-AC46-4098D937878A}.Debug|Any CPU.ActiveCfg = Debug|Any CPU
		{7EE5B65F-C373-4BCE-AC46-4098D937878A}.Debug|Any CPU.Build.0 = Debug|Any CPU
		{7EE5B65F-C373-4BCE-AC46-4098D937878A}.Release|Any CPU.ActiveCfg = Release|Any CPU
		{7EE5B65F-C373-4BCE-AC46-4098D937878A}.Release|Any CPU.Build.0 = Release|Any CPU
		{EF447BE8-ABA3-477C-82EB-73AC6E922053}.Debug|Any CPU.ActiveCfg = Debug|Any CPU
		{EF447BE8-ABA3-477C-82EB-73AC6E922053}.Debug|Any CPU.Build.0 = Debug|Any CPU
		{EF447BE8-ABA3-477C-82EB-73AC6E922053}.Release|Any CPU.ActiveCfg = Release|Any CPU
		{EF447BE8-ABA3-477C-82EB-73AC6E922053}.Release|Any CPU.Build.0 = Release|Any CPU
		{95BE741B-AA3B-40F3-B083-DAAE83AC38BE}.Debug|Any CPU.ActiveCfg = Debug|Any CPU
		{95BE741B-AA3B-40F3-B083-DAAE83AC38BE}.Debug|Any CPU.Build.0 = Debug|Any CPU
		{95BE741B-AA3B-40F3-B083-DAAE83AC38BE}.Release|Any CPU.ActiveCfg = Release|Any CPU
		{95BE741B-AA3B-40F3-B083-DAAE83AC38BE}.Release|Any CPU.Build.0 = Release|Any CPU
		{FE30EBE3-7DEE-4C26-A1F5-398F34658A28}.Debug|Any CPU.ActiveCfg = Debug|Any CPU
		{FE30EBE3-7DEE-4C26-A1F5-398F34658A28}.Debug|Any CPU.Build.0 = Debug|Any CPU
		{FE30EBE3-7DEE-4C26-A1F5-398F34658A28}.Release|Any CPU.ActiveCfg = Release|Any CPU
		{FE30EBE3-7DEE-4C26-A1F5-398F34658A28}.Release|Any CPU.Build.0 = Release|Any CPU
	EndGlobalSection
	GlobalSection(SolutionProperties) = preSolution
		HideSolutionNode = FALSE
	EndGlobalSection
	GlobalSection(NestedProjects) = preSolution
		{FD4EBB84-B0CD-4DD6-B4BB-A3EC64F85A6A} = {709891E6-430F-4AAA-873C-08A09953C323}
		{D4159542-124E-400E-8076-0EC072A02CD2} = {709891E6-430F-4AAA-873C-08A09953C323}
		{48057CDA-50B1-4163-8CFE-453C813B9372} = {709891E6-430F-4AAA-873C-08A09953C323}
		{96E57E4C-00F2-40AD-948B-C3DD8AB8DAD5} = {709891E6-430F-4AAA-873C-08A09953C323}
		{094A9C7D-42DB-41D4-862E-9498DE93B145} = {709891E6-430F-4AAA-873C-08A09953C323}
		{312B4908-3C13-4204-A329-5AD58936C9A6} = {307E3A60-3D12-4327-92EC-C8D21EE52C05}
		{7EE5B65F-C373-4BCE-AC46-4098D937878A} = {307E3A60-3D12-4327-92EC-C8D21EE52C05}
		{EF447BE8-ABA3-477C-82EB-73AC6E922053} = {307E3A60-3D12-4327-92EC-C8D21EE52C05}
		{95BE741B-AA3B-40F3-B083-DAAE83AC38BE} = {307E3A60-3D12-4327-92EC-C8D21EE52C05}
		{FE30EBE3-7DEE-4C26-A1F5-398F34658A28} = {307E3A60-3D12-4327-92EC-C8D21EE52C05}
	EndGlobalSection
	GlobalSection(ExtensibilityGlobals) = postSolution
		SolutionGuid = {FF0189AF-5968-4110-9BB6-36D4D6426E84}
	EndGlobalSection
EndGlobal
